// !$*UTF8*$!
{
	archiveVersion = 1;
	classes = {
	};
	objectVersion = 52;
	objects = {

/* Begin PBXBuildFile section */
		CE7C358325BEC25B0094570C /* AppDelegate.swift in Sources */ = {isa = PBXBuildFile; fileRef = CE7C358225BEC25B0094570C /* AppDelegate.swift */; };
		CE7C358525BEC25B0094570C /* SceneDelegate.swift in Sources */ = {isa = PBXBuildFile; fileRef = CE7C358425BEC25B0094570C /* SceneDelegate.swift */; };
		CE7C358725BEC25B0094570C /* ViewController.swift in Sources */ = {isa = PBXBuildFile; fileRef = CE7C358625BEC25B0094570C /* ViewController.swift */; };
		CE7C358A25BEC25B0094570C /* Main.storyboard in Resources */ = {isa = PBXBuildFile; fileRef = CE7C358825BEC25B0094570C /* Main.storyboard */; };
		CE7C358C25BEC25E0094570C /* Assets.xcassets in Resources */ = {isa = PBXBuildFile; fileRef = CE7C358B25BEC25E0094570C /* Assets.xcassets */; };
		CE7C358F25BEC25E0094570C /* LaunchScreen.storyboard in Resources */ = {isa = PBXBuildFile; fileRef = CE7C358D25BEC25E0094570C /* LaunchScreen.storyboard */; };
		CE7C359925BEC4600094570C /* Popup in Frameworks */ = {isa = PBXBuildFile; productRef = CE7C359825BEC4600094570C /* Popup */; };
		CE7C35D425BECEAE0094570C /* ExamplePopupTask.swift in Sources */ = {isa = PBXBuildFile; fileRef = CE7C35D325BECEAE0094570C /* ExamplePopupTask.swift */; };
/* End PBXBuildFile section */

/* Begin PBXFileReference section */
		CE7C357F25BEC25B0094570C /* Example.app */ = {isa = PBXFileReference; explicitFileType = wrapper.application; includeInIndex = 0; path = Example.app; sourceTree = BUILT_PRODUCTS_DIR; };
		CE7C358225BEC25B0094570C /* AppDelegate.swift */ = {isa = PBXFileReference; lastKnownFileType = sourcecode.swift; path = AppDelegate.swift; sourceTree = "<group>"; };
		CE7C358425BEC25B0094570C /* SceneDelegate.swift */ = {isa = PBXFileReference; lastKnownFileType = sourcecode.swift; path = SceneDelegate.swift; sourceTree = "<group>"; };
		CE7C358625BEC25B0094570C /* ViewController.swift */ = {isa = PBXFileReference; lastKnownFileType = sourcecode.swift; path = ViewController.swift; sourceTree = "<group>"; };
		CE7C358925BEC25B0094570C /* Base */ = {isa = PBXFileReference; lastKnownFileType = file.storyboard; name = Base; path = Base.lproj/Main.storyboard; sourceTree = "<group>"; };
		CE7C358B25BEC25E0094570C /* Assets.xcassets */ = {isa = PBXFileReference; lastKnownFileType = folder.assetcatalog; path = Assets.xcassets; sourceTree = "<group>"; };
		CE7C358E25BEC25E0094570C /* Base */ = {isa = PBXFileReference; lastKnownFileType = file.storyboard; name = Base; path = Base.lproj/LaunchScreen.storyboard; sourceTree = "<group>"; };
		CE7C359025BEC25E0094570C /* Info.plist */ = {isa = PBXFileReference; lastKnownFileType = text.plist.xml; path = Info.plist; sourceTree = "<group>"; };
		CE7C35D325BECEAE0094570C /* ExamplePopupTask.swift */ = {isa = PBXFileReference; lastKnownFileType = sourcecode.swift; path = ExamplePopupTask.swift; sourceTree = "<group>"; };
/* End PBXFileReference section */

/* Begin PBXFrameworksBuildPhase section */
		CE7C357C25BEC25B0094570C /* Frameworks */ = {
			isa = PBXFrameworksBuildPhase;
			buildActionMask = 2147483647;
			files = (
				CE7C359925BEC4600094570C /* Popup in Frameworks */,
			);
			runOnlyForDeploymentPostprocessing = 0;
		};
/* End PBXFrameworksBuildPhase section */

/* Begin PBXGroup section */
		CE7C357625BEC25B0094570C = {
			isa = PBXGroup;
			children = (
				CE7C358125BEC25B0094570C /* Example */,
				CE7C358025BEC25B0094570C /* Products */,
			);
			sourceTree = "<group>";
		};
		CE7C358025BEC25B0094570C /* Products */ = {
			isa = PBXGroup;
			children = (
				CE7C357F25BEC25B0094570C /* Example.app */,
			);
			name = Products;
			sourceTree = "<group>";
		};
		CE7C358125BEC25B0094570C /* Example */ = {
			isa = PBXGroup;
			children = (
				CE7C35C525BECDA00094570C /* Popups */,
				CE7C358225BEC25B0094570C /* AppDelegate.swift */,
				CE7C358425BEC25B0094570C /* SceneDelegate.swift */,
				CE7C358625BEC25B0094570C /* ViewController.swift */,
				CE7C358825BEC25B0094570C /* Main.storyboard */,
				CE7C358B25BEC25E0094570C /* Assets.xcassets */,
				CE7C358D25BEC25E0094570C /* LaunchScreen.storyboard */,
				CE7C359025BEC25E0094570C /* Info.plist */,
			);
			path = Example;
			sourceTree = "<group>";
		};
		CE7C35C525BECDA00094570C /* Popups */ = {
			isa = PBXGroup;
			children = (
				CE7C35D325BECEAE0094570C /* ExamplePopupTask.swift */,
			);
			path = Popups;
			sourceTree = "<group>";
		};
/* End PBXGroup section */

/* Begin PBXNativeTarget section */
		CE7C357E25BEC25B0094570C /* Example */ = {
			isa = PBXNativeTarget;
			buildConfigurationList = CE7C359325BEC25E0094570C /* Build configuration list for PBXNativeTarget "Example" */;
			buildPhases = (
				CE7C357B25BEC25B0094570C /* Sources */,
				CE7C357C25BEC25B0094570C /* Frameworks */,
				CE7C357D25BEC25B0094570C /* Resources */,
			);
			buildRules = (
			);
			dependencies = (
			);
			name = Example;
			packageProductDependencies = (
				CE7C359825BEC4600094570C /* Popup */,
			);
			productName = Example;
			productReference = CE7C357F25BEC25B0094570C /* Example.app */;
			productType = "com.apple.product-type.application";
		};
/* End PBXNativeTarget section */

/* Begin PBXProject section */
		CE7C357725BEC25B0094570C /* Project object */ = {
			isa = PBXProject;
			attributes = {
				LastSwiftUpdateCheck = 1220;
				LastUpgradeCheck = 1220;
				TargetAttributes = {
					CE7C357E25BEC25B0094570C = {
						CreatedOnToolsVersion = 12.2;
					};
				};
			};
			buildConfigurationList = CE7C357A25BEC25B0094570C /* Build configuration list for PBXProject "Example" */;
			compatibilityVersion = "Xcode 9.3";
			developmentRegion = en;
			hasScannedForEncodings = 0;
			knownRegions = (
				en,
				Base,
			);
			mainGroup = CE7C357625BEC25B0094570C;
			packageReferences = (
				CE7C359725BEC4600094570C /* XCRemoteSwiftPackageReference "Popup" */,
			);
			productRefGroup = CE7C358025BEC25B0094570C /* Products */;
			projectDirPath = "";
			projectRoot = "";
			targets = (
				CE7C357E25BEC25B0094570C /* Example */,
			);
		};
/* End PBXProject section */

/* Begin PBXResourcesBuildPhase section */
		CE7C357D25BEC25B0094570C /* Resources */ = {
			isa = PBXResourcesBuildPhase;
			buildActionMask = 2147483647;
			files = (
				CE7C358F25BEC25E0094570C /* LaunchScreen.storyboard in Resources */,
				CE7C358C25BEC25E0094570C /* Assets.xcassets in Resources */,
				CE7C358A25BEC25B0094570C /* Main.storyboard in Resources */,
			);
			runOnlyForDeploymentPostprocessing = 0;
		};
/* End PBXResourcesBuildPhase section */

/* Begin PBXSourcesBuildPhase section */
		CE7C357B25BEC25B0094570C /* Sources */ = {
			isa = PBXSourcesBuildPhase;
			buildActionMask = 2147483647;
			files = (
				CE7C35D425BECEAE0094570C /* ExamplePopupTask.swift in Sources */,
				CE7C358725BEC25B0094570C /* ViewController.swift in Sources */,
				CE7C358325BEC25B0094570C /* AppDelegate.swift in Sources */,
				CE7C358525BEC25B0094570C /* SceneDelegate.swift in Sources */,
			);
			runOnlyForDeploymentPostprocessing = 0;
		};
/* End PBXSourcesBuildPhase section */

/* Begin PBXVariantGroup section */
		CE7C358825BEC25B0094570C /* Main.storyboard */ = {
			isa = PBXVariantGroup;
			children = (
				CE7C358925BEC25B0094570C /* Base */,
			);
			name = Main.storyboard;
			sourceTree = "<group>";
		};
		CE7C358D25BEC25E0094570C /* LaunchScreen.storyboard */ = {
			isa = PBXVariantGroup;
			children = (
				CE7C358E25BEC25E0094570C /* Base */,
			);
			name = LaunchScreen.storyboard;
			sourceTree = "<group>";
		};
/* End PBXVariantGroup section */

/* Begin XCBuildConfiguration section */
		CE7C359125BEC25E0094570C /* Debug */ = {
			isa = XCBuildConfiguration;
			buildSettings = {
				ALWAYS_SEARCH_USER_PATHS = NO;
				CLANG_ANALYZER_NONNULL = YES;
				CLANG_ANALYZER_NUMBER_OBJECT_CONVERSION = YES_AGGRESSIVE;
				CLANG_CXX_LANGUAGE_STANDARD = "gnu++14";
				CLANG_CXX_LIBRARY = "libc++";
				CLANG_ENABLE_MODULES = YES;
				CLANG_ENABLE_OBJC_ARC = YES;
				CLANG_ENABLE_OBJC_WEAK = YES;
				CLANG_WARN_BLOCK_CAPTURE_AUTORELEASING = YES;
				CLANG_WARN_BOOL_CONVERSION = YES;
				CLANG_WARN_COMMA = YES;
				CLANG_WARN_CONSTANT_CONVERSION = YES;
				CLANG_WARN_DEPRECATED_OBJC_IMPLEMENTATIONS = YES;
				CLANG_WARN_DIRECT_OBJC_ISA_USAGE = YES_ERROR;
				CLANG_WARN_DOCUMENTATION_COMMENTS = YES;
				CLANG_WARN_EMPTY_BODY = YES;
				CLANG_WARN_ENUM_CONVERSION = YES;
				CLANG_WARN_INFINITE_RECURSION = YES;
				CLANG_WARN_INT_CONVERSION = YES;
				CLANG_WARN_NON_LITERAL_NULL_CONVERSION = YES;
				CLANG_WARN_OBJC_IMPLICIT_RETAIN_SELF = YES;
				CLANG_WARN_OBJC_LITERAL_CONVERSION = YES;
				CLANG_WARN_OBJC_ROOT_CLASS = YES_ERROR;
				CLANG_WARN_QUOTED_INCLUDE_IN_FRAMEWORK_HEADER = YES;
				CLANG_WARN_RANGE_LOOP_ANALYSIS = YES;
				CLANG_WARN_STRICT_PROTOTYPES = YES;
				CLANG_WARN_SUSPICIOUS_MOVE = YES;
				CLANG_WARN_UNGUARDED_AVAILABILITY = YES_AGGRESSIVE;
				CLANG_WARN_UNREACHABLE_CODE = YES;
				CLANG_WARN__DUPLICATE_METHOD_MATCH = YES;
				COPY_PHASE_STRIP = NO;
				DEBUG_INFORMATION_FORMAT = dwarf;
				ENABLE_STRICT_OBJC_MSGSEND = YES;
				ENABLE_TESTABILITY = YES;
				GCC_C_LANGUAGE_STANDARD = gnu11;
				GCC_DYNAMIC_NO_PIC = NO;
				GCC_NO_COMMON_BLOCKS = YES;
				GCC_OPTIMIZATION_LEVEL = 0;
				GCC_PREPROCESSOR_DEFINITIONS = (
					"DEBUG=1",
					"$(inherited)",
				);
				GCC_WARN_64_TO_32_BIT_CONVERSION = YES;
				GCC_WARN_ABOUT_RETURN_TYPE = YES_ERROR;
				GCC_WARN_UNDECLARED_SELECTOR = YES;
				GCC_WARN_UNINITIALIZED_AUTOS = YES_AGGRESSIVE;
				GCC_WARN_UNUSED_FUNCTION = YES;
				GCC_WARN_UNUSED_VARIABLE = YES;
				IPHONEOS_DEPLOYMENT_TARGET = 14.2;
				MTL_ENABLE_DEBUG_INFO = INCLUDE_SOURCE;
				MTL_FAST_MATH = YES;
				ONLY_ACTIVE_ARCH = YES;
				SDKROOT = iphoneos;
				SWIFT_ACTIVE_COMPILATION_CONDITIONS = DEBUG;
				SWIFT_OPTIMIZATION_LEVEL = "-Onone";
			};
			name = Debug;
		};
		CE7C359225BEC25E0094570C /* Release */ = {
			isa = XCBuildConfiguration;
			buildSettings = {
				ALWAYS_SEARCH_USER_PATHS = NO;
				CLANG_ANALYZER_NONNULL = YES;
				CLANG_ANALYZER_NUMBER_OBJECT_CONVERSION = YES_AGGRESSIVE;
				CLANG_CXX_LANGUAGE_STANDARD = "gnu++14";
				CLANG_CXX_LIBRARY = "libc++";
				CLANG_ENABLE_MODULES = YES;
				CLANG_ENABLE_OBJC_ARC = YES;
				CLANG_ENABLE_OBJC_WEAK = YES;
				CLANG_WARN_BLOCK_CAPTURE_AUTORELEASING = YES;
				CLANG_WARN_BOOL_CONVERSION = YES;
				CLANG_WARN_COMMA = YES;
				CLANG_WARN_CONSTANT_CONVERSION = YES;
				CLANG_WARN_DEPRECATED_OBJC_IMPLEMENTATIONS = YES;
				CLANG_WARN_DIRECT_OBJC_ISA_USAGE = YES_ERROR;
				CLANG_WARN_DOCUMENTATION_COMMENTS = YES;
				CLANG_WARN_EMPTY_BODY = YES;
				CLANG_WARN_ENUM_CONVERSION = YES;
				CLANG_WARN_INFINITE_RECURSION = YES;
				CLANG_WARN_INT_CONVERSION = YES;
				CLANG_WARN_NON_LITERAL_NULL_CONVERSION = YES;
				CLANG_WARN_OBJC_IMPLICIT_RETAIN_SELF = YES;
				CLANG_WARN_OBJC_LITERAL_CONVERSION = YES;
				CLANG_WARN_OBJC_ROOT_CLASS = YES_ERROR;
				CLANG_WARN_QUOTED_INCLUDE_IN_FRAMEWORK_HEADER = YES;
				CLANG_WARN_RANGE_LOOP_ANALYSIS = YES;
				CLANG_WARN_STRICT_PROTOTYPES = YES;
				CLANG_WARN_SUSPICIOUS_MOVE = YES;
				CLANG_WARN_UNGUARDED_AVAILABILITY = YES_AGGRESSIVE;
				CLANG_WARN_UNREACHABLE_CODE = YES;
				CLANG_WARN__DUPLICATE_METHOD_MATCH = YES;
				COPY_PHASE_STRIP = NO;
				DEBUG_INFORMATION_FORMAT = "dwarf-with-dsym";
				ENABLE_NS_ASSERTIONS = NO;
				ENABLE_STRICT_OBJC_MSGSEND = YES;
				GCC_C_LANGUAGE_STANDARD = gnu11;
				GCC_NO_COMMON_BLOCKS = YES;
				GCC_WARN_64_TO_32_BIT_CONVERSION = YES;
				GCC_WARN_ABOUT_RETURN_TYPE = YES_ERROR;
				GCC_WARN_UNDECLARED_SELECTOR = YES;
				GCC_WARN_UNINITIALIZED_AUTOS = YES_AGGRESSIVE;
				GCC_WARN_UNUSED_FUNCTION = YES;
				GCC_WARN_UNUSED_VARIABLE = YES;
				IPHONEOS_DEPLOYMENT_TARGET = 14.2;
				MTL_ENABLE_DEBUG_INFO = NO;
				MTL_FAST_MATH = YES;
				SDKROOT = iphoneos;
				SWIFT_COMPILATION_MODE = wholemodule;
				SWIFT_OPTIMIZATION_LEVEL = "-O";
				VALIDATE_PRODUCT = YES;
			};
			name = Release;
		};
		CE7C359425BEC25E0094570C /* Debug */ = {
			isa = XCBuildConfiguration;
			buildSettings = {
				ASSETCATALOG_COMPILER_APPICON_NAME = AppIcon;
				ASSETCATALOG_COMPILER_GLOBAL_ACCENT_COLOR_NAME = AccentColor;
				CODE_SIGN_STYLE = Automatic;
				DEVELOPMENT_TEAM = 3PW2MRU23R;
				INFOPLIST_FILE = Example/Info.plist;
				LD_RUNPATH_SEARCH_PATHS = (
					"$(inherited)",
					"@executable_path/Frameworks",
				);
				PRODUCT_BUNDLE_IDENTIFIER = com.ztr.Example;
				PRODUCT_NAME = "$(TARGET_NAME)";
				SWIFT_VERSION = 5.0;
				TARGETED_DEVICE_FAMILY = "1,2";
			};
			name = Debug;
		};
		CE7C359525BEC25E0094570C /* Release */ = {
			isa = XCBuildConfiguration;
			buildSettings = {
				ASSETCATALOG_COMPILER_APPICON_NAME = AppIcon;
				ASSETCATALOG_COMPILER_GLOBAL_ACCENT_COLOR_NAME = AccentColor;
				CODE_SIGN_STYLE = Automatic;
				DEVELOPMENT_TEAM = 3PW2MRU23R;
				INFOPLIST_FILE = Example/Info.plist;
				LD_RUNPATH_SEARCH_PATHS = (
					"$(inherited)",
					"@executable_path/Frameworks",
				);
				PRODUCT_BUNDLE_IDENTIFIER = com.ztr.Example;
				PRODUCT_NAME = "$(TARGET_NAME)";
				SWIFT_VERSION = 5.0;
				TARGETED_DEVICE_FAMILY = "1,2";
			};
			name = Release;
		};
/* End XCBuildConfiguration section */

/* Begin XCConfigurationList section */
		CE7C357A25BEC25B0094570C /* Build configuration list for PBXProject "Example" */ = {
			isa = XCConfigurationList;
			buildConfigurations = (
				CE7C359125BEC25E0094570C /* Debug */,
				CE7C359225BEC25E0094570C /* Release */,
			);
			defaultConfigurationIsVisible = 0;
			defaultConfigurationName = Release;
		};
		CE7C359325BEC25E0094570C /* Build configuration list for PBXNativeTarget "Example" */ = {
			isa = XCConfigurationList;
			buildConfigurations = (
				CE7C359425BEC25E0094570C /* Debug */,
				CE7C359525BEC25E0094570C /* Release */,
			);
			defaultConfigurationIsVisible = 0;
			defaultConfigurationName = Release;
		};
/* End XCConfigurationList section */

/* Begin XCRemoteSwiftPackageReference section */
		CE7C359725BEC4600094570C /* XCRemoteSwiftPackageReference "Popup" */ = {
			isa = XCRemoteSwiftPackageReference;
			repositoryURL = "https://github.com/lumiasaki/Popup.git";
			requirement = {
				branch = main;
				kind = branch;
			};
		};
/* End XCRemoteSwiftPackageReference section */

/* Begin XCSwiftPackageProductDependency section */
		CE7C359825BEC4600094570C /* Popup */ = {
			isa = XCSwiftPackageProductDependency;
			package = CE7C359725BEC4600094570C /* XCRemoteSwiftPackageReference "Popup" */;
			productName = Popup;
		};
/* End XCSwiftPackageProductDependency section */
	};
	rootObject = CE7C357725BEC25B0094570C /* Project object */;
}
